{
  "version": 4,
  "terraform_version": "0.14.4",
  "serial": 42,
  "lineage": "942d66bd-76e0-53fe-daad-f07ccc28b535",
  "outputs": {},
  "resources": [
    {
      "mode": "data",
      "type": "aws_iam_policy_document",
      "name": "tf-cicd-build-policies",
      "provider": "provider[\"registry.terraform.io/hashicorp/aws\"]",
      "instances": [
        {
          "schema_version": 0,
          "attributes": {
            "id": "1338979840",
            "json": "{\n  \"Version\": \"2012-10-17\",\n  \"Statement\": [\n    {\n      \"Sid\": \"\",\n      \"Effect\": \"Allow\",\n      \"Action\": [\n        \"secretsmanager:*\",\n        \"s3:*\",\n        \"logs:*\",\n        \"iam:*\",\n        \"codebuild:*\"\n      ],\n      \"Resource\": \"*\"\n    }\n  ]\n}",
            "override_json": null,
            "override_policy_documents": null,
            "policy_id": null,
            "source_json": null,
            "source_policy_documents": null,
            "statement": [
              {
                "actions": [
                  "codebuild:*",
                  "iam:*",
                  "logs:*",
                  "s3:*",
                  "secretsmanager:*"
                ],
                "condition": [],
                "effect": "Allow",
                "not_actions": [],
                "not_principals": [],
                "not_resources": [],
                "principals": [],
                "resources": [
                  "*"
                ],
                "sid": ""
              }
            ],
            "version": "2012-10-17"
          },
          "sensitive_attributes": []
        }
      ]
    },
    {
      "mode": "data",
      "type": "aws_iam_policy_document",
      "name": "tf-cicd-pipeline-policies",
      "provider": "provider[\"registry.terraform.io/hashicorp/aws\"]",
      "instances": [
        {
          "schema_version": 0,
          "attributes": {
            "id": "3155208694",
            "json": "{\n  \"Version\": \"2012-10-17\",\n  \"Statement\": [\n    {\n      \"Sid\": \"\",\n      \"Effect\": \"Allow\",\n      \"Action\": \"codestar-connections:UseConnection\",\n      \"Resource\": \"*\"\n    },\n    {\n      \"Sid\": \"\",\n      \"Effect\": \"Allow\",\n      \"Action\": [\n        \"s3:*\",\n        \"codebuild:*\",\n        \"cloudwatch:*\"\n      ],\n      \"Resource\": \"*\"\n    }\n  ]\n}",
            "override_json": null,
            "override_policy_documents": null,
            "policy_id": null,
            "source_json": null,
            "source_policy_documents": null,
            "statement": [
              {
                "actions": [
                  "codestar-connections:UseConnection"
                ],
                "condition": [],
                "effect": "Allow",
                "not_actions": [],
                "not_principals": [],
                "not_resources": [],
                "principals": [],
                "resources": [
                  "*"
                ],
                "sid": ""
              },
              {
                "actions": [
                  "cloudwatch:*",
                  "codebuild:*",
                  "s3:*"
                ],
                "condition": [],
                "effect": "Allow",
                "not_actions": [],
                "not_principals": [],
                "not_resources": [],
                "principals": [],
                "resources": [
                  "*"
                ],
                "sid": ""
              }
            ],
            "version": "2012-10-17"
          },
          "sensitive_attributes": []
        }
      ]
    },
    {
      "mode": "managed",
      "type": "aws_codebuild_project",
      "name": "tf-apply",
      "provider": "provider[\"registry.terraform.io/hashicorp/aws\"]",
      "instances": [
        {
          "schema_version": 0,
          "attributes": {
            "arn": "arn:aws:codebuild:us-west-2:411854276167:project/tf-cicd-apply",
            "artifacts": [
              {
                "artifact_identifier": "",
                "encryption_disabled": false,
                "location": "",
                "name": "tf-cicd-apply",
                "namespace_type": "",
                "override_artifact_name": false,
                "packaging": "NONE",
                "path": "",
                "type": "CODEPIPELINE"
              }
            ],
            "badge_enabled": false,
            "badge_url": "",
            "build_timeout": 60,
            "cache": [
              {
                "location": "",
                "modes": [],
                "type": "NO_CACHE"
              }
            ],
            "description": "Apply stage for terraform",
            "encryption_key": "arn:aws:kms:us-west-2:411854276167:alias/aws/s3",
            "environment": [
              {
                "certificate": "",
                "compute_type": "BUILD_GENERAL1_SMALL",
                "environment_variable": [],
                "image": "hashicorp/terraform:0.14.4",
                "image_pull_credentials_type": "SERVICE_ROLE",
                "privileged_mode": false,
                "registry_credential": [
                  {
                    "credential": "arn:aws:secretsmanager:us-west-2:411854276167:secret:codebuild/dockerhub-9eieYM",
                    "credential_provider": "SECRETS_MANAGER"
                  }
                ],
                "type": "LINUX_CONTAINER"
              }
            ],
            "id": "arn:aws:codebuild:us-west-2:411854276167:project/tf-cicd-apply",
            "logs_config": [
              {
                "cloudwatch_logs": [
                  {
                    "group_name": "",
                    "status": "ENABLED",
                    "stream_name": ""
                  }
                ],
                "s3_logs": [
                  {
                    "encryption_disabled": false,
                    "location": "",
                    "status": "DISABLED"
                  }
                ]
              }
            ],
            "name": "tf-cicd-apply",
            "queued_timeout": 480,
            "secondary_artifacts": [],
            "secondary_sources": [],
            "service_role": "arn:aws:iam::411854276167:role/tf-codebuild-role",
            "source": [
              {
                "auth": [],
                "buildspec": "version: 0.2\nphases:\n  pre_build:\n    commands:\n     - terraform init\n     - terraform plan\n\n  build:\n    commands:\n      - terraform apply --auto-approve   \n",
                "git_clone_depth": 0,
                "git_submodules_config": [],
                "insecure_ssl": false,
                "location": "",
                "report_build_status": false,
                "type": "CODEPIPELINE"
              }
            ],
            "source_version": "",
            "tags": {},
            "vpc_config": []
          },
          "sensitive_attributes": [],
          "private": "bnVsbA==",
          "dependencies": [
            "aws_iam_role.tf-codebuild-role"
          ]
        }
      ]
    },
    {
      "mode": "managed",
      "type": "aws_codebuild_project",
      "name": "tf-plan",
      "provider": "provider[\"registry.terraform.io/hashicorp/aws\"]",
      "instances": [
        {
          "schema_version": 0,
          "attributes": {
            "arn": "arn:aws:codebuild:us-west-2:411854276167:project/tf-cicd-plan",
            "artifacts": [
              {
                "artifact_identifier": "",
                "encryption_disabled": false,
                "location": "",
                "name": "tf-cicd-plan",
                "namespace_type": "",
                "override_artifact_name": false,
                "packaging": "NONE",
                "path": "",
                "type": "CODEPIPELINE"
              }
            ],
            "badge_enabled": false,
            "badge_url": "",
            "build_timeout": 60,
            "cache": [
              {
                "location": "",
                "modes": [],
                "type": "NO_CACHE"
              }
            ],
            "description": "plan stage for terraform",
            "encryption_key": "arn:aws:kms:us-west-2:411854276167:alias/aws/s3",
            "environment": [
              {
                "certificate": "",
                "compute_type": "BUILD_GENERAL1_SMALL",
                "environment_variable": [],
                "image": "hashicorp/terraform:0.14.4",
                "image_pull_credentials_type": "SERVICE_ROLE",
                "privileged_mode": false,
                "registry_credential": [
                  {
                    "credential": "arn:aws:secretsmanager:us-west-2:411854276167:secret:codebuild/dockerhub-9eieYM",
                    "credential_provider": "SECRETS_MANAGER"
                  }
                ],
                "type": "LINUX_CONTAINER"
              }
            ],
            "id": "arn:aws:codebuild:us-west-2:411854276167:project/tf-cicd-plan",
            "logs_config": [
              {
                "cloudwatch_logs": [
                  {
                    "group_name": "",
                    "status": "ENABLED",
                    "stream_name": ""
                  }
                ],
                "s3_logs": [
                  {
                    "encryption_disabled": false,
                    "location": "",
                    "status": "DISABLED"
                  }
                ]
              }
            ],
            "name": "tf-cicd-plan",
            "queued_timeout": 480,
            "secondary_artifacts": [],
            "secondary_sources": [],
            "service_role": "arn:aws:iam::411854276167:role/tf-codebuild-role",
            "source": [
              {
                "auth": [],
                "buildspec": "version: 0.2\nphases:\n  pre_build:\n    commands:\n      - terraform init\n      - terraform validate\n\n  build:\n    commands:\n      - terraform plan  \n",
                "git_clone_depth": 0,
                "git_submodules_config": [],
                "insecure_ssl": false,
                "location": "",
                "report_build_status": false,
                "type": "CODEPIPELINE"
              }
            ],
            "source_version": "",
            "tags": {},
            "vpc_config": []
          },
          "sensitive_attributes": [],
          "private": "bnVsbA==",
          "dependencies": [
            "aws_iam_role.tf-codebuild-role"
          ]
        }
      ]
    },
    {
      "mode": "managed",
      "type": "aws_codepipeline",
      "name": "cicd-pipeline",
      "provider": "provider[\"registry.terraform.io/hashicorp/aws\"]",
      "instances": [
        {
          "schema_version": 0,
          "attributes": {
            "arn": "arn:aws:codepipeline:us-west-2:411854276167:tf-cicd",
            "artifact_store": [
              {
                "encryption_key": [],
                "location": "pipeline-artifact-ken",
                "region": "",
                "type": "S3"
              }
            ],
            "id": "tf-cicd",
            "name": "tf-cicd",
            "role_arn": "arn:aws:iam::411854276167:role/tf-codepipeline-role",
            "stage": [
              {
                "action": [
                  {
                    "category": "Source",
                    "configuration": {
                      "BranchName": "main",
                      "ConnectionArn": "arn:aws:codestar-connections:us-west-2:411854276167:connection/70d0a26f-0ccd-4800-820a-8f8133e0a0d4",
                      "FullRepositoryId": "Kenmakhanu/aws-cicd-pipeline",
                      "OutputArtifactFormat": "CODE_ZIP"
                    },
                    "input_artifacts": [],
                    "name": "Source",
                    "namespace": "",
                    "output_artifacts": [
                      "SourceArtifact"
                    ],
                    "owner": "AWS",
                    "provider": "CodeStarSourceConnection",
                    "region": "",
                    "role_arn": "",
                    "run_order": 1,
                    "version": "1"
                  }
                ],
                "name": "Source"
              },
              {
                "action": [
                  {
                    "category": "Build",
                    "configuration": {
                      "ProjectName": "tf-cicd-plan"
                    },
                    "input_artifacts": [
                      "SourceArtifact"
                    ],
                    "name": "Build",
                    "namespace": "",
                    "output_artifacts": [
                      "PlanArtifact"
                    ],
                    "owner": "AWS",
                    "provider": "CodeBuild",
                    "region": "",
                    "role_arn": "",
                    "run_order": 1,
                    "version": "1"
                  }
                ],
                "name": "Plan"
              },
              {
                "action": [
                  {
                    "category": "Build",
                    "configuration": {
                      "ProjectName": "tf-cicd-apply"
                    },
                    "input_artifacts": [
                      "SourceArtifact"
                    ],
                    "name": "Build",
                    "namespace": "",
                    "output_artifacts": [],
                    "owner": "AWS",
                    "provider": "CodeBuild",
                    "region": "",
                    "role_arn": "",
                    "run_order": 1,
                    "version": "1"
                  }
                ],
                "name": "Apply"
              }
            ],
            "tags": {}
          },
          "sensitive_attributes": [],
          "private": "bnVsbA==",
          "dependencies": [
            "aws_iam_role.tf-codepipeline-role",
            "aws_s3_bucket.codepipeline-artifact"
          ]
        }
      ]
    },
    {
      "mode": "managed",
      "type": "aws_iam_policy",
      "name": "tf-cicd-build-policy",
      "provider": "provider[\"registry.terraform.io/hashicorp/aws\"]",
      "instances": [
        {
          "schema_version": 0,
          "attributes": {
            "arn": "arn:aws:iam::411854276167:policy/tf-cicd-build-policy",
            "description": "Codebuild policy",
            "id": "arn:aws:iam::411854276167:policy/tf-cicd-build-policy",
            "name": "tf-cicd-build-policy",
            "name_prefix": null,
            "path": "/",
            "policy": "{\n  \"Version\": \"2012-10-17\",\n  \"Statement\": [\n    {\n      \"Sid\": \"\",\n      \"Effect\": \"Allow\",\n      \"Action\": [\n        \"secretsmanager:*\",\n        \"s3:*\",\n        \"logs:*\",\n        \"iam:*\",\n        \"codebuild:*\"\n      ],\n      \"Resource\": \"*\"\n    }\n  ]\n}",
            "policy_id": "ANPAV7ZDNQZDQ3LUDCFHW",
            "tags": {}
          },
          "sensitive_attributes": [],
          "private": "bnVsbA==",
          "dependencies": [
            "data.aws_iam_policy_document.tf-cicd-build-policies"
          ]
        }
      ]
    },
    {
      "mode": "managed",
      "type": "aws_iam_policy",
      "name": "tf-cicd-pipeline-policy",
      "provider": "provider[\"registry.terraform.io/hashicorp/aws\"]",
      "instances": [
        {
          "schema_version": 0,
          "attributes": {
            "arn": "arn:aws:iam::411854276167:policy/tf-cicd-pipeline-policy",
            "description": "pipeline policy",
            "id": "arn:aws:iam::411854276167:policy/tf-cicd-pipeline-policy",
            "name": "tf-cicd-pipeline-policy",
            "name_prefix": null,
            "path": "/",
            "policy": "{\n  \"Version\": \"2012-10-17\",\n  \"Statement\": [\n    {\n      \"Sid\": \"\",\n      \"Effect\": \"Allow\",\n      \"Action\": \"codestar-connections:UseConnection\",\n      \"Resource\": \"*\"\n    },\n    {\n      \"Sid\": \"\",\n      \"Effect\": \"Allow\",\n      \"Action\": [\n        \"s3:*\",\n        \"codebuild:*\",\n        \"cloudwatch:*\"\n      ],\n      \"Resource\": \"*\"\n    }\n  ]\n}",
            "policy_id": "ANPAV7ZDNQZD6MTHJVCZC",
            "tags": {}
          },
          "sensitive_attributes": [],
          "private": "bnVsbA==",
          "dependencies": [
            "data.aws_iam_policy_document.tf-cicd-pipeline-policies"
          ]
        }
      ]
    },
    {
      "mode": "managed",
      "type": "aws_iam_role",
      "name": "tf-codebuild-role",
      "provider": "provider[\"registry.terraform.io/hashicorp/aws\"]",
      "instances": [
        {
          "schema_version": 0,
          "attributes": {
            "arn": "arn:aws:iam::411854276167:role/tf-codebuild-role",
            "assume_role_policy": "{\"Version\":\"2012-10-17\",\"Statement\":[{\"Sid\":\"\",\"Effect\":\"Allow\",\"Principal\":{\"Service\":\"codebuild.amazonaws.com\"},\"Action\":\"sts:AssumeRole\"}]}",
            "create_date": "2021-03-23T22:51:37Z",
            "description": "",
            "force_detach_policies": false,
            "id": "tf-codebuild-role",
            "inline_policy": [
              {
                "name": "",
                "policy": ""
              }
            ],
            "managed_policy_arns": [
              "arn:aws:iam::411854276167:policy/tf-cicd-build-policy",
              "arn:aws:iam::aws:policy/PowerUserAccess"
            ],
            "max_session_duration": 3600,
            "name": "tf-codebuild-role",
            "name_prefix": null,
            "path": "/",
            "permissions_boundary": null,
            "tags": {},
            "unique_id": "AROAV7ZDNQZDQKZDSWW25"
          },
          "sensitive_attributes": [],
          "private": "bnVsbA=="
        }
      ]
    },
    {
      "mode": "managed",
      "type": "aws_iam_role",
      "name": "tf-codepipeline-role",
      "provider": "provider[\"registry.terraform.io/hashicorp/aws\"]",
      "instances": [
        {
          "schema_version": 0,
          "attributes": {
            "arn": "arn:aws:iam::411854276167:role/tf-codepipeline-role",
            "assume_role_policy": "{\"Version\":\"2012-10-17\",\"Statement\":[{\"Sid\":\"\",\"Effect\":\"Allow\",\"Principal\":{\"Service\":\"codepipeline.amazonaws.com\"},\"Action\":\"sts:AssumeRole\"}]}",
            "create_date": "2021-03-23T19:36:32Z",
            "description": "",
            "force_detach_policies": false,
            "id": "tf-codepipeline-role",
            "inline_policy": [
              {
                "name": "",
                "policy": ""
              }
            ],
            "managed_policy_arns": [
              "arn:aws:iam::411854276167:policy/tf-cicd-pipeline-policy"
            ],
            "max_session_duration": 3600,
            "name": "tf-codepipeline-role",
            "name_prefix": null,
            "path": "/",
            "permissions_boundary": null,
            "tags": {},
            "unique_id": "AROAV7ZDNQZDZKBT22DZX"
          },
          "sensitive_attributes": [],
          "private": "bnVsbA=="
        }
      ]
    },
    {
      "mode": "managed",
      "type": "aws_iam_role_policy_attachment",
      "name": "tf-cicd-codebuild-attachment1",
      "provider": "provider[\"registry.terraform.io/hashicorp/aws\"]",
      "instances": [
        {
          "schema_version": 0,
          "attributes": {
            "id": "tf-codebuild-role-20210323230701245000000002",
            "policy_arn": "arn:aws:iam::411854276167:policy/tf-cicd-build-policy",
            "role": "tf-codebuild-role"
          },
          "sensitive_attributes": [],
          "private": "bnVsbA==",
          "dependencies": [
            "aws_iam_policy.tf-cicd-build-policy",
            "aws_iam_role.tf-codebuild-role",
            "data.aws_iam_policy_document.tf-cicd-build-policies"
          ]
        }
      ]
    },
    {
      "mode": "managed",
      "type": "aws_iam_role_policy_attachment",
      "name": "tf-cicd-codebuild-attachment2",
      "provider": "provider[\"registry.terraform.io/hashicorp/aws\"]",
      "instances": [
        {
          "schema_version": 0,
          "attributes": {
            "id": "tf-codebuild-role-20210323230700900000000001",
            "policy_arn": "arn:aws:iam::aws:policy/PowerUserAccess",
            "role": "tf-codebuild-role"
          },
          "sensitive_attributes": [],
          "private": "bnVsbA==",
          "dependencies": [
            "aws_iam_role.tf-codebuild-role"
          ]
        }
      ]
    },
    {
      "mode": "managed",
      "type": "aws_iam_role_policy_attachment",
      "name": "tf-cicd-pipeline-attachment",
      "provider": "provider[\"registry.terraform.io/hashicorp/aws\"]",
      "instances": [
        {
          "schema_version": 0,
          "attributes": {
            "id": "tf-codepipeline-role-20210323223513122400000001",
            "policy_arn": "arn:aws:iam::411854276167:policy/tf-cicd-pipeline-policy",
            "role": "tf-codepipeline-role"
          },
          "sensitive_attributes": [],
          "private": "bnVsbA==",
          "dependencies": [
            "aws_iam_policy.tf-cicd-pipeline-policy",
            "aws_iam_role.tf-codepipeline-role",
            "data.aws_iam_policy_document.tf-cicd-pipeline-policies"
          ]
        }
      ]
    },
    {
      "mode": "managed",
      "type": "aws_s3_bucket",
      "name": "codepipeline-artifact",
      "provider": "provider[\"registry.terraform.io/hashicorp/aws\"]",
      "instances": [
        {
          "schema_version": 0,
          "attributes": {
            "acceleration_status": "",
            "acl": "private",
            "arn": "arn:aws:s3:::pipeline-artifact-ken",
            "bucket": "pipeline-artifact-ken",
            "bucket_domain_name": "pipeline-artifact-ken.s3.amazonaws.com",
            "bucket_prefix": null,
            "bucket_regional_domain_name": "pipeline-artifact-ken.s3.us-west-2.amazonaws.com",
            "cors_rule": [],
            "force_destroy": false,
            "grant": [],
            "hosted_zone_id": "Z3BJ6K6RIION7M",
            "id": "pipeline-artifact-ken",
            "lifecycle_rule": [],
            "logging": [],
            "object_lock_configuration": [],
            "policy": null,
            "region": "us-west-2",
            "replication_configuration": [],
            "request_payer": "BucketOwner",
            "server_side_encryption_configuration": [],
            "tags": {},
            "versioning": [
              {
                "enabled": true,
                "mfa_delete": false
              }
            ],
            "website": [],
            "website_domain": null,
            "website_endpoint": null
          },
          "sensitive_attributes": [],
          "private": "bnVsbA=="
        }
      ]
    },
    {
      "mode": "managed",
      "type": "aws_vpc",
      "name": "anothervpc",
      "provider": "provider[\"registry.terraform.io/hashicorp/aws\"]",
      "instances": [
        {
          "schema_version": 1,
          "attributes": {
            "arn": "arn:aws:ec2:us-west-2:411854276167:vpc/vpc-012804d1e3051505b",
            "assign_generated_ipv6_cidr_block": false,
            "cidr_block": "10.0.0.0/16",
            "default_network_acl_id": "acl-0020fab4b79e432c7",
            "default_route_table_id": "rtb-0c270d0b2d27a0a1f",
            "default_security_group_id": "sg-0ab07b7ae847f669c",
            "dhcp_options_id": "dopt-102f7868",
            "enable_classiclink": false,
            "enable_classiclink_dns_support": false,
            "enable_dns_hostnames": false,
            "enable_dns_support": true,
            "id": "vpc-012804d1e3051505b",
            "instance_tenancy": "default",
            "ipv6_association_id": "",
            "ipv6_cidr_block": "",
            "main_route_table_id": "rtb-0c270d0b2d27a0a1f",
            "owner_id": "411854276167",
            "tags": {
              "Name": "onemorevpc"
            },
            "tags_all": {
              "Name": "onemorevpc"
            }
          },
          "sensitive_attributes": [],
          "private": "eyJzY2hlbWFfdmVyc2lvbiI6IjEifQ=="
        }
      ]
    }
  ]
}
